
Microsoft Visual Studio Solution File, Format Version 12.00
# Visual Studio Version 16
VisualStudioVersion = 16.0.31410.357
MinimumVisualStudioVersion = 10.0.40219.1
Project("{9A19103F-16F7-4668-BE54-9A1E7A4F7556}") = "BMSYS.UI", "BMSYS.UI\BMSYS.UI.csproj", "{92ACCF7B-5ED6-4C63-A7E5-45742707F0DA}"
EndProject
Project("{9A19103F-16F7-4668-BE54-9A1E7A4F7556}") = "BMSYS.COMMON", "BMSYS.DL\BMSYS.COMMON.csproj", "{A8A2A77B-053D-48CB-B1B5-24E565AEB0A1}"
EndProject
Project("{9A19103F-16F7-4668-BE54-9A1E7A4F7556}") = "BMSYS.BL", "BMSYS.BL\BMSYS.BL.csproj", "{7EC27085-3BA5-4803-BF28-28242F15B702}"
EndProject
Project("{FAE04EC0-301F-11D3-BF4B-00C04F79EFBC}") = "BMSYS.WS", "BMSYS.WS\BMSYS.WS.csproj", "{89C8149B-58CB-4F1C-AE57-A0D1DBAA3066}"
EndProject
Project("{9A19103F-16F7-4668-BE54-9A1E7A4F7556}") = "BMSYS.DAL", "BMSYS.DAL\BMSYS.DAL.csproj", "{BB998C70-4EC3-4567-88E3-EFAF26113D1B}"
EndProject
Global
	GlobalSection(SolutionConfigurationPlatforms) = preSolution
		Debug|Any CPU = Debug|Any CPU
		Release|Any CPU = Release|Any CPU
	EndGlobalSection
	GlobalSection(ProjectConfigurationPlatforms) = postSolution
		{92ACCF7B-5ED6-4C63-A7E5-45742707F0DA}.Debug|Any CPU.ActiveCfg = Debug|Any CPU
		{92ACCF7B-5ED6-4C63-A7E5-45742707F0DA}.Debug|Any CPU.Build.0 = Debug|Any CPU
		{92ACCF7B-5ED6-4C63-A7E5-45742707F0DA}.Release|Any CPU.ActiveCfg = Release|Any CPU
		{92ACCF7B-5ED6-4C63-A7E5-45742707F0DA}.Release|Any CPU.Build.0 = Release|Any CPU
		{A8A2A77B-053D-48CB-B1B5-24E565AEB0A1}.Debug|Any CPU.ActiveCfg = Debug|Any CPU
		{A8A2A77B-053D-48CB-B1B5-24E565AEB0A1}.Debug|Any CPU.Build.0 = Debug|Any CPU
		{A8A2A77B-053D-48CB-B1B5-24E565AEB0A1}.Release|Any CPU.ActiveCfg = Release|Any CPU
		{A8A2A77B-053D-48CB-B1B5-24E565AEB0A1}.Release|Any CPU.Build.0 = Release|Any CPU
		{7EC27085-3BA5-4803-BF28-28242F15B702}.Debug|Any CPU.ActiveCfg = Debug|Any CPU
		{7EC27085-3BA5-4803-BF28-28242F15B702}.Debug|Any CPU.Build.0 = Debug|Any CPU
		{7EC27085-3BA5-4803-BF28-28242F15B702}.Release|Any CPU.ActiveCfg = Release|Any CPU
		{7EC27085-3BA5-4803-BF28-28242F15B702}.Release|Any CPU.Build.0 = Release|Any CPU
		{89C8149B-58CB-4F1C-AE57-A0D1DBAA3066}.Debug|Any CPU.ActiveCfg = Debug|Any CPU
		{89C8149B-58CB-4F1C-AE57-A0D1DBAA3066}.Debug|Any CPU.Build.0 = Debug|Any CPU
		{89C8149B-58CB-4F1C-AE57-A0D1DBAA3066}.Release|Any CPU.ActiveCfg = Release|Any CPU
		{89C8149B-58CB-4F1C-AE57-A0D1DBAA3066}.Release|Any CPU.Build.0 = Release|Any CPU
		{BB998C70-4EC3-4567-88E3-EFAF26113D1B}.Debug|Any CPU.ActiveCfg = Debug|Any CPU
		{BB998C70-4EC3-4567-88E3-EFAF26113D1B}.Debug|Any CPU.Build.0 = Debug|Any CPU
		{BB998C70-4EC3-4567-88E3-EFAF26113D1B}.Release|Any CPU.ActiveCfg = Release|Any CPU
		{BB998C70-4EC3-4567-88E3-EFAF26113D1B}.Release|Any CPU.Build.0 = Release|Any CPU
	EndGlobalSection
	GlobalSection(SolutionProperties) = preSolution
		HideSolutionNode = FALSE
	EndGlobalSection
	GlobalSection(ExtensibilityGlobals) = postSolution
		SolutionGuid = {1AE99AC9-0DCC-4E76-AA19-F149FA0DD729}
	EndGlobalSection
EndGlobal
